
Microsoft Visual Studio Solution File, Format Version 12.00
# Visual Studio Version 16
VisualStudioVersion = 16.0.30804.86
MinimumVisualStudioVersion = 10.0.40219.1
Project("{9A19103F-16F7-4668-BE54-9A1E7A4F7556}") = "Fundamentals_Intro", "Fundamentals_Intro\Fundamentals_Intro.csproj", "{FB6A3899-1922-42B9-9E61-A6E01B70BE0A}"
EndProject
Project("{FAE04EC0-301F-11D3-BF4B-00C04F79EFBC}") = "StudentInfo", "StudentInfo\StudentInfo.csproj", "{CA82D4D5-62CE-480D-9603-72BECFABC26D}"
EndProject
Project("{FAE04EC0-301F-11D3-BF4B-00C04F79EFBC}") = "TimeCalculator", "TimeCalculator\TimeCalculator.csproj", "{EABB6C4C-E675-4838-A535-CBEEC8A7B5C8}"
EndProject
Global
	GlobalSection(SolutionConfigurationPlatforms) = preSolution
		Debug|Any CPU = Debug|Any CPU
		Release|Any CPU = Release|Any CPU
	EndGlobalSection
	GlobalSection(ProjectConfigurationPlatforms) = postSolution
		{FB6A3899-1922-42B9-9E61-A6E01B70BE0A}.Debug|Any CPU.ActiveCfg = Debug|Any CPU
		{FB6A3899-1922-42B9-9E61-A6E01B70BE0A}.Debug|Any CPU.Build.0 = Debug|Any CPU
		{FB6A3899-1922-42B9-9E61-A6E01B70BE0A}.Release|Any CPU.ActiveCfg = Release|Any CPU
		{FB6A3899-1922-42B9-9E61-A6E01B70BE0A}.Release|Any CPU.Build.0 = Release|Any CPU
		{CA82D4D5-62CE-480D-9603-72BECFABC26D}.Debug|Any CPU.ActiveCfg = Debug|Any CPU
		{CA82D4D5-62CE-480D-9603-72BECFABC26D}.Debug|Any CPU.Build.0 = Debug|Any CPU
		{CA82D4D5-62CE-480D-9603-72BECFABC26D}.Release|Any CPU.ActiveCfg = Release|Any CPU
		{CA82D4D5-62CE-480D-9603-72BECFABC26D}.Release|Any CPU.Build.0 = Release|Any CPU
		{EABB6C4C-E675-4838-A535-CBEEC8A7B5C8}.Debug|Any CPU.ActiveCfg = Debug|Any CPU
		{EABB6C4C-E675-4838-A535-CBEEC8A7B5C8}.Debug|Any CPU.Build.0 = Debug|Any CPU
		{EABB6C4C-E675-4838-A535-CBEEC8A7B5C8}.Release|Any CPU.ActiveCfg = Release|Any CPU
		{EABB6C4C-E675-4838-A535-CBEEC8A7B5C8}.Release|Any CPU.Build.0 = Release|Any CPU
	EndGlobalSection
	GlobalSection(SolutionProperties) = preSolution
		HideSolutionNode = FALSE
	EndGlobalSection
	GlobalSection(ExtensibilityGlobals) = postSolution
		SolutionGuid = {00B1E622-967C-4889-B38B-CA39D6C2D1EE}
	EndGlobalSection
EndGlobal
